
Microsoft Visual Studio Solution File, Format Version 12.00
# Visual Studio Version 17
VisualStudioVersion = 17.7.34024.191
MinimumVisualStudioVersion = 10.0.40219.1
Project("{FAE04EC0-301F-11D3-BF4B-00C04F79EFBC}") = "DemoWeek7", "DemoWeek7\DemoWeek7.csproj", "{89AB74FF-C37C-447B-B8BB-D857FAB7DE0D}"
EndProject
Global
	GlobalSection(SolutionConfigurationPlatforms) = preSolution
		Debug|Any CPU = Debug|Any CPU
		Release|Any CPU = Release|Any CPU
	EndGlobalSection
	GlobalSection(ProjectConfigurationPlatforms) = postSolution
		{89AB74FF-C37C-447B-B8BB-D857FAB7DE0D}.Debug|Any CPU.ActiveCfg = Debug|Any CPU
		{89AB74FF-C37C-447B-B8BB-D857FAB7DE0D}.Debug|Any CPU.Build.0 = Debug|Any CPU
		{89AB74FF-C37C-447B-B8BB-D857FAB7DE0D}.Release|Any CPU.ActiveCfg = Release|Any CPU
		{89AB74FF-C37C-447B-B8BB-D857FAB7DE0D}.Release|Any CPU.Build.0 = Release|Any CPU
	EndGlobalSection
	GlobalSection(SolutionProperties) = preSolution
		HideSolutionNode = FALSE
	EndGlobalSection
	GlobalSection(ExtensibilityGlobals) = postSolution
		SolutionGuid = {6A8D2B1C-0B5C-4977-B929-176D19BB5128}
	EndGlobalSection
EndGlobal
